
Microsoft Visual Studio Solution File, Format Version 11.00
# Visual Studio 2010
Project("{FAE04EC0-301F-11D3-BF4B-00C04F79EFBC}") = "Assembly-CSharp", "Assembly-CSharp.csproj", "{649f7829-595f-0fcd-9a28-908f8080c7cb}"
EndProject
Project("{FAE04EC0-301F-11D3-BF4B-00C04F79EFBC}") = "Assembly-CSharp-Editor", "Assembly-CSharp-Editor.csproj", "{898aea26-9249-b572-0a0b-79c1f906a093}"
EndProject
Global
	GlobalSection(SolutionConfigurationPlatforms) = preSolution
		Debug|Any CPU = Debug|Any CPU
	EndGlobalSection
	GlobalSection(ProjectConfigurationPlatforms) = postSolution
		{649f7829-595f-0fcd-9a28-908f8080c7cb}.Debug|Any CPU.ActiveCfg = Debug|Any CPU
		{649f7829-595f-0fcd-9a28-908f8080c7cb}.Debug|Any CPU.Build.0 = Debug|Any CPU
		{898aea26-9249-b572-0a0b-79c1f906a093}.Debug|Any CPU.ActiveCfg = Debug|Any CPU
		{898aea26-9249-b572-0a0b-79c1f906a093}.Debug|Any CPU.Build.0 = Debug|Any CPU
	EndGlobalSection
	GlobalSection(SolutionProperties) = preSolution
		HideSolutionNode = FALSE
	EndGlobalSection
EndGlobal
